# THIS IS AN AUTOGENERATED FILE. DO NOT EDIT THIS FILE DIRECTLY.
# yarn lockfile v1


fastify-plugin@^2.0.0:
  version "2.0.0"
  resolved "https://registry.yarnpkg.com/fastify-plugin/-/fastify-plugin-2.0.0.tgz#e1ac8fa0b4a9c65b83f40fc7f6a60f5ac6776326"
  integrity sha512-5c7xwArjeY5T7PFw+TM66gz7E6mQpEK4PXKXVOmxLXUYh49D34pLAL+gbSRLgr7gg8fTOaNjB9fSj0adV5rrXg==
  dependencies:
    semver "^7.3.2"

middie@^5.1.0:
  version "5.1.0"
  resolved "https://registry.yarnpkg.com/middie/-/middie-5.1.0.tgz#c7b132c8569bc0cedac7dbb52a8a4338aef20fe2"
  integrity sha512-pM9KMIedHAOHIw+wsJbze7QiPdEfPsd3iMhgStvYlpme6/dEpCVp0pTSDP5bXa1NvrPmjfWOpvp2RNbypH8DHQ==
  dependencies:
    fastify-plugin "^2.0.0"
    path-to-regexp "^6.1.0"
    reusify "^1.0.4"

path-to-regexp@^6.1.0:
  version "6.1.0"
  resolved "https://registry.yarnpkg.com/path-to-regexp/-/path-to-regexp-6.1.0.tgz#0b18f88b7a0ce0bfae6a25990c909ab86f512427"
  integrity sha512-h9DqehX3zZZDCEm+xbfU0ZmwCGFCAAraPJWMXJ4+v32NjZJilVg3k1TcKsRgIb8IQ/izZSaydDc1OhJCZvs2Dw==

reusify@^1.0.4:
  version "1.0.4"
  resolved "https://registry.yarnpkg.com/reusify/-/reusify-1.0.4.tgz#90da382b1e126efc02146e90845a88db12925d76"
  integrity sha512-U9nH88a3fc/ekCF1l0/UP1IosiuIjyTh7hBvXVMHYgVcfGvt897Xguj2UOLDeI5BG2m7/uwyaLVT6fbtCwTyzw==

semver@^7.3.2:
  version "7.3.2"
  resolved "https://registry.yarnpkg.com/semver/-/semver-7.3.2.tgz#604962b052b81ed0786aae84389ffba70ffd3938"
  integrity sha512-OrOb32TeeambH6UrhtShmF7CRDqhL6/5XpPNp2DuRH6+9QLw/orhp72j87v8Qa1ScDkvrrBNpZcDejAirJmfXQ==
